
Microsoft Visual Studio Solution File, Format Version 12.00
# Visual Studio 15
VisualStudioVersion = 15.0.27428.2011
MinimumVisualStudioVersion = 10.0.40219.1
Project("{888888A0-9F3D-457C-B088-3A5042F75D52}") = "AdversarialSampleGeneratorV11", "AdversarialSampleGeneratorV11\AdversarialSampleGeneratorV11.pyproj", "{5E42F288-400C-4DDF-88DC-DAE32718A033}"
EndProject
Global
	GlobalSection(SolutionConfigurationPlatforms) = preSolution
		Debug|Any CPU = Debug|Any CPU
		Release|Any CPU = Release|Any CPU
	EndGlobalSection
	GlobalSection(ProjectConfigurationPlatforms) = postSolution
		{5E42F288-400C-4DDF-88DC-DAE32718A033}.Debug|Any CPU.ActiveCfg = Debug|Any CPU
		{5E42F288-400C-4DDF-88DC-DAE32718A033}.Release|Any CPU.ActiveCfg = Release|Any CPU
	EndGlobalSection
	GlobalSection(SolutionProperties) = preSolution
		HideSolutionNode = FALSE
	EndGlobalSection
	GlobalSection(ExtensibilityGlobals) = postSolution
		SolutionGuid = {9640E786-2800-4741-8FED-87C20EBDF121}
	EndGlobalSection
EndGlobal
